{
  "name": "Veliora-Noir",
  "lockfileVersion": 3,
  "requires": true,
  "packages": {
    "": {
      "dependencies": {
        "shopify-buy": "^3.0.7"
      }
    },
    "node_modules/shopify-buy": {
      "version": "3.0.7",
      "resolved": "https://registry.npmjs.org/shopify-buy/-/shopify-buy-3.0.7.tgz",
      "integrity": "sha512-HTuC8SSaVSFJRToXbrn54TSjxNt5d4GN//xfHXfHBJYSuHzGouF97CFapjdM+Pz5HjcGST6ife4B64GNo7taYw=="
    }
  }
}
